
Microsoft Visual Studio Solution File, Format Version 12.00
# Visual Studio Version 17
VisualStudioVersion = 17.5.002.0
MinimumVisualStudioVersion = 10.0.40219.1
Project("{2150E333-8FDC-42A3-9474-1A3956D46DE8}") = "csharp-prep", "csharp-prep", "{DD06618B-7BE2-4ECD-AEAB-48DC44E6BB7C}"
EndProject
Project("{9A19103F-16F7-4668-BE54-9A1E7A4F7556}") = "Prep1", "csharp-prep\Prep1\Prep1.csproj", "{F0656E6C-E667-4A6D-BB9A-AB60B98725D6}"
EndProject
Project("{9A19103F-16F7-4668-BE54-9A1E7A4F7556}") = "Prep2", "csharp-prep\Prep2\Prep2.csproj", "{E102BA55-F012-42FA-B02D-74E84FDEA639}"
EndProject
Project("{9A19103F-16F7-4668-BE54-9A1E7A4F7556}") = "Prep3", "csharp-prep\Prep3\Prep3.csproj", "{A6C4E9D6-6893-479F-A7AB-0A64B7431B8C}"
EndProject
Project("{9A19103F-16F7-4668-BE54-9A1E7A4F7556}") = "Prep4", "csharp-prep\Prep4\Prep4.csproj", "{7F9B5ED5-E0A9-4DE8-8D20-6B316D0655DA}"
EndProject
Project("{9A19103F-16F7-4668-BE54-9A1E7A4F7556}") = "Prep5", "csharp-prep\Prep5\Prep5.csproj", "{ED251B12-DBFE-4671-9B75-3F6B811BD29C}"
EndProject
Project("{2150E333-8FDC-42A3-9474-1A3956D46DE8}") = "final", "final", "{26EE5F84-25B1-4A0F-837C-5F3D3277A194}"
EndProject
Project("{9A19103F-16F7-4668-BE54-9A1E7A4F7556}") = "FinalProject", "final\FinalProject\FinalProject.csproj", "{F46305CF-831D-429D-B535-C79F336A630A}"
EndProject
Project("{9A19103F-16F7-4668-BE54-9A1E7A4F7556}") = "Foundation1", "final\Foundation1\Foundation1.csproj", "{CCBEF44F-10BC-446F-84DE-1F4A9D7C822A}"
EndProject
Project("{9A19103F-16F7-4668-BE54-9A1E7A4F7556}") = "Foundation2", "final\Foundation2\Foundation2.csproj", "{2EC3FA8D-D95F-48A7-92C5-F2D540F37CDE}"
EndProject
Project("{9A19103F-16F7-4668-BE54-9A1E7A4F7556}") = "Foundation3", "final\Foundation3\Foundation3.csproj", "{BAB81AD1-0707-44EC-85F0-E4A467E6EA72}"
EndProject
Project("{9A19103F-16F7-4668-BE54-9A1E7A4F7556}") = "Foundation4", "final\Foundation4\Foundation4.csproj", "{8BD1B2BD-81B7-4769-A9E2-094BA1D1D534}"
EndProject
Project("{2150E333-8FDC-42A3-9474-1A3956D46DE8}") = "prepare", "prepare", "{EED034FC-5024-4D82-BCD6-BFB6FCC606FA}"
EndProject
Project("{9A19103F-16F7-4668-BE54-9A1E7A4F7556}") = "Learning02", "prepare\Learning02\Learning02.csproj", "{FF158F61-D962-42B9-8AB1-04BCB7A34BB1}"
EndProject
Project("{9A19103F-16F7-4668-BE54-9A1E7A4F7556}") = "Learning03", "prepare\Learning03\Learning03.csproj", "{1222A94A-6333-4A2A-844A-D12B91E883DA}"
EndProject
Project("{9A19103F-16F7-4668-BE54-9A1E7A4F7556}") = "Learning04", "prepare\Learning04\Learning04.csproj", "{CF3A1A68-5048-4792-87BF-1BB8630852F0}"
EndProject
Project("{9A19103F-16F7-4668-BE54-9A1E7A4F7556}") = "Learning05", "prepare\Learning05\Learning05.csproj", "{611A9674-A150-4A09-8D16-F21BD1A08FE7}"
EndProject
Project("{2150E333-8FDC-42A3-9474-1A3956D46DE8}") = "prove", "prove", "{AC7CC510-50C4-4C4B-B123-9B2F343F30E6}"
EndProject
Project("{9A19103F-16F7-4668-BE54-9A1E7A4F7556}") = "Develop02", "prove\Develop02\Develop02.csproj", "{C3F1D5C8-16BE-4A83-B609-951BE21E062E}"
EndProject
Project("{9A19103F-16F7-4668-BE54-9A1E7A4F7556}") = "Develop03", "prove\Develop03\Develop03.csproj", "{5A9D34E4-0D21-4529-ABA4-9C8B51946049}"
EndProject
Project("{9A19103F-16F7-4668-BE54-9A1E7A4F7556}") = "Develop04", "prove\Develop04\Develop04.csproj", "{D2CF9942-EF7E-4611-81E8-48D42322B1DB}"
EndProject
Project("{9A19103F-16F7-4668-BE54-9A1E7A4F7556}") = "Develop05", "prove\Develop05\Develop05.csproj", "{A6381436-B1E3-463C-BCD5-0F2DA1F5A5FD}"
EndProject
Project("{2150E333-8FDC-42A3-9474-1A3956D46DE8}") = "sandbox", "sandbox", "{5BBE34B1-960D-4DBF-8A4D-81D0EC2C00EC}"
EndProject
Project("{9A19103F-16F7-4668-BE54-9A1E7A4F7556}") = "Sandbox", "sandbox\Sandbox\Sandbox.csproj", "{268DD125-C783-4B8D-9482-CDC08C360577}"
EndProject
Global
	GlobalSection(SolutionConfigurationPlatforms) = preSolution
		Debug|Any CPU = Debug|Any CPU
		Release|Any CPU = Release|Any CPU
	EndGlobalSection
	GlobalSection(ProjectConfigurationPlatforms) = postSolution
		{F0656E6C-E667-4A6D-BB9A-AB60B98725D6}.Debug|Any CPU.ActiveCfg = Debug|Any CPU
		{F0656E6C-E667-4A6D-BB9A-AB60B98725D6}.Debug|Any CPU.Build.0 = Debug|Any CPU
		{F0656E6C-E667-4A6D-BB9A-AB60B98725D6}.Release|Any CPU.ActiveCfg = Release|Any CPU
		{F0656E6C-E667-4A6D-BB9A-AB60B98725D6}.Release|Any CPU.Build.0 = Release|Any CPU
		{E102BA55-F012-42FA-B02D-74E84FDEA639}.Debug|Any CPU.ActiveCfg = Debug|Any CPU
		{E102BA55-F012-42FA-B02D-74E84FDEA639}.Debug|Any CPU.Build.0 = Debug|Any CPU
		{E102BA55-F012-42FA-B02D-74E84FDEA639}.Release|Any CPU.ActiveCfg = Release|Any CPU
		{E102BA55-F012-42FA-B02D-74E84FDEA639}.Release|Any CPU.Build.0 = Release|Any CPU
		{A6C4E9D6-6893-479F-A7AB-0A64B7431B8C}.Debug|Any CPU.ActiveCfg = Debug|Any CPU
		{A6C4E9D6-6893-479F-A7AB-0A64B7431B8C}.Debug|Any CPU.Build.0 = Debug|Any CPU
		{A6C4E9D6-6893-479F-A7AB-0A64B7431B8C}.Release|Any CPU.ActiveCfg = Release|Any CPU
		{A6C4E9D6-6893-479F-A7AB-0A64B7431B8C}.Release|Any CPU.Build.0 = Release|Any CPU
		{7F9B5ED5-E0A9-4DE8-8D20-6B316D0655DA}.Debug|Any CPU.ActiveCfg = Debug|Any CPU
		{7F9B5ED5-E0A9-4DE8-8D20-6B316D0655DA}.Debug|Any CPU.Build.0 = Debug|Any CPU
		{7F9B5ED5-E0A9-4DE8-8D20-6B316D0655DA}.Release|Any CPU.ActiveCfg = Release|Any CPU
		{7F9B5ED5-E0A9-4DE8-8D20-6B316D0655DA}.Release|Any CPU.Build.0 = Release|Any CPU
		{ED251B12-DBFE-4671-9B75-3F6B811BD29C}.Debug|Any CPU.ActiveCfg = Debug|Any CPU
		{ED251B12-DBFE-4671-9B75-3F6B811BD29C}.Debug|Any CPU.Build.0 = Debug|Any CPU
		{ED251B12-DBFE-4671-9B75-3F6B811BD29C}.Release|Any CPU.ActiveCfg = Release|Any CPU
		{ED251B12-DBFE-4671-9B75-3F6B811BD29C}.Release|Any CPU.Build.0 = Release|Any CPU
		{F46305CF-831D-429D-B535-C79F336A630A}.Debug|Any CPU.ActiveCfg = Debug|Any CPU
		{F46305CF-831D-429D-B535-C79F336A630A}.Debug|Any CPU.Build.0 = Debug|Any CPU
		{F46305CF-831D-429D-B535-C79F336A630A}.Release|Any CPU.ActiveCfg = Release|Any CPU
		{F46305CF-831D-429D-B535-C79F336A630A}.Release|Any CPU.Build.0 = Release|Any CPU
		{CCBEF44F-10BC-446F-84DE-1F4A9D7C822A}.Debug|Any CPU.ActiveCfg = Debug|Any CPU
		{CCBEF44F-10BC-446F-84DE-1F4A9D7C822A}.Debug|Any CPU.Build.0 = Debug|Any CPU
		{CCBEF44F-10BC-446F-84DE-1F4A9D7C822A}.Release|Any CPU.ActiveCfg = Release|Any CPU
		{CCBEF44F-10BC-446F-84DE-1F4A9D7C822A}.Release|Any CPU.Build.0 = Release|Any CPU
		{2EC3FA8D-D95F-48A7-92C5-F2D540F37CDE}.Debug|Any CPU.ActiveCfg = Debug|Any CPU
		{2EC3FA8D-D95F-48A7-92C5-F2D540F37CDE}.Debug|Any CPU.Build.0 = Debug|Any CPU
		{2EC3FA8D-D95F-48A7-92C5-F2D540F37CDE}.Release|Any CPU.ActiveCfg = Release|Any CPU
		{2EC3FA8D-D95F-48A7-92C5-F2D540F37CDE}.Release|Any CPU.Build.0 = Release|Any CPU
		{BAB81AD1-0707-44EC-85F0-E4A467E6EA72}.Debug|Any CPU.ActiveCfg = Debug|Any CPU
		{BAB81AD1-0707-44EC-85F0-E4A467E6EA72}.Debug|Any CPU.Build.0 = Debug|Any CPU
		{BAB81AD1-0707-44EC-85F0-E4A467E6EA72}.Release|Any CPU.ActiveCfg = Release|Any CPU
		{BAB81AD1-0707-44EC-85F0-E4A467E6EA72}.Release|Any CPU.Build.0 = Release|Any CPU
		{8BD1B2BD-81B7-4769-A9E2-094BA1D1D534}.Debug|Any CPU.ActiveCfg = Debug|Any CPU
		{8BD1B2BD-81B7-4769-A9E2-094BA1D1D534}.Debug|Any CPU.Build.0 = Debug|Any CPU
		{8BD1B2BD-81B7-4769-A9E2-094BA1D1D534}.Release|Any CPU.ActiveCfg = Release|Any CPU
		{8BD1B2BD-81B7-4769-A9E2-094BA1D1D534}.Release|Any CPU.Build.0 = Release|Any CPU
		{FF158F61-D962-42B9-8AB1-04BCB7A34BB1}.Debug|Any CPU.ActiveCfg = Debug|Any CPU
		{FF158F61-D962-42B9-8AB1-04BCB7A34BB1}.Debug|Any CPU.Build.0 = Debug|Any CPU
		{FF158F61-D962-42B9-8AB1-04BCB7A34BB1}.Release|Any CPU.ActiveCfg = Release|Any CPU
		{FF158F61-D962-42B9-8AB1-04BCB7A34BB1}.Release|Any CPU.Build.0 = Release|Any CPU
		{1222A94A-6333-4A2A-844A-D12B91E883DA}.Debug|Any CPU.ActiveCfg = Debug|Any CPU
		{1222A94A-6333-4A2A-844A-D12B91E883DA}.Debug|Any CPU.Build.0 = Debug|Any CPU
		{1222A94A-6333-4A2A-844A-D12B91E883DA}.Release|Any CPU.ActiveCfg = Release|Any CPU
		{1222A94A-6333-4A2A-844A-D12B91E883DA}.Release|Any CPU.Build.0 = Release|Any CPU
		{CF3A1A68-5048-4792-87BF-1BB8630852F0}.Debug|Any CPU.ActiveCfg = Debug|Any CPU
		{CF3A1A68-5048-4792-87BF-1BB8630852F0}.Debug|Any CPU.Build.0 = Debug|Any CPU
		{CF3A1A68-5048-4792-87BF-1BB8630852F0}.Release|Any CPU.ActiveCfg = Release|Any CPU
		{CF3A1A68-5048-4792-87BF-1BB8630852F0}.Release|Any CPU.Build.0 = Release|Any CPU
		{611A9674-A150-4A09-8D16-F21BD1A08FE7}.Debug|Any CPU.ActiveCfg = Debug|Any CPU
		{611A9674-A150-4A09-8D16-F21BD1A08FE7}.Debug|Any CPU.Build.0 = Debug|Any CPU
		{611A9674-A150-4A09-8D16-F21BD1A08FE7}.Release|Any CPU.ActiveCfg = Release|Any CPU
		{611A9674-A150-4A09-8D16-F21BD1A08FE7}.Release|Any CPU.Build.0 = Release|Any CPU
		{C3F1D5C8-16BE-4A83-B609-951BE21E062E}.Debug|Any CPU.ActiveCfg = Debug|Any CPU
		{C3F1D5C8-16BE-4A83-B609-951BE21E062E}.Debug|Any CPU.Build.0 = Debug|Any CPU
		{C3F1D5C8-16BE-4A83-B609-951BE21E062E}.Release|Any CPU.ActiveCfg = Release|Any CPU
		{C3F1D5C8-16BE-4A83-B609-951BE21E062E}.Release|Any CPU.Build.0 = Release|Any CPU
		{5A9D34E4-0D21-4529-ABA4-9C8B51946049}.Debug|Any CPU.ActiveCfg = Debug|Any CPU
		{5A9D34E4-0D21-4529-ABA4-9C8B51946049}.Debug|Any CPU.Build.0 = Debug|Any CPU
		{5A9D34E4-0D21-4529-ABA4-9C8B51946049}.Release|Any CPU.ActiveCfg = Release|Any CPU
		{5A9D34E4-0D21-4529-ABA4-9C8B51946049}.Release|Any CPU.Build.0 = Release|Any CPU
		{D2CF9942-EF7E-4611-81E8-48D42322B1DB}.Debug|Any CPU.ActiveCfg = Debug|Any CPU
		{D2CF9942-EF7E-4611-81E8-48D42322B1DB}.Debug|Any CPU.Build.0 = Debug|Any CPU
		{D2CF9942-EF7E-4611-81E8-48D42322B1DB}.Release|Any CPU.ActiveCfg = Release|Any CPU
		{D2CF9942-EF7E-4611-81E8-48D42322B1DB}.Release|Any CPU.Build.0 = Release|Any CPU
		{A6381436-B1E3-463C-BCD5-0F2DA1F5A5FD}.Debug|Any CPU.ActiveCfg = Debug|Any CPU
		{A6381436-B1E3-463C-BCD5-0F2DA1F5A5FD}.Debug|Any CPU.Build.0 = Debug|Any CPU
		{A6381436-B1E3-463C-BCD5-0F2DA1F5A5FD}.Release|Any CPU.ActiveCfg = Release|Any CPU
		{A6381436-B1E3-463C-BCD5-0F2DA1F5A5FD}.Release|Any CPU.Build.0 = Release|Any CPU
		{268DD125-C783-4B8D-9482-CDC08C360577}.Debug|Any CPU.ActiveCfg = Debug|Any CPU
		{268DD125-C783-4B8D-9482-CDC08C360577}.Debug|Any CPU.Build.0 = Debug|Any CPU
		{268DD125-C783-4B8D-9482-CDC08C360577}.Release|Any CPU.ActiveCfg = Release|Any CPU
		{268DD125-C783-4B8D-9482-CDC08C360577}.Release|Any CPU.Build.0 = Release|Any CPU
	EndGlobalSection
	GlobalSection(SolutionProperties) = preSolution
		HideSolutionNode = FALSE
	EndGlobalSection
	GlobalSection(NestedProjects) = preSolution
		{F0656E6C-E667-4A6D-BB9A-AB60B98725D6} = {DD06618B-7BE2-4ECD-AEAB-48DC44E6BB7C}
		{E102BA55-F012-42FA-B02D-74E84FDEA639} = {DD06618B-7BE2-4ECD-AEAB-48DC44E6BB7C}
		{A6C4E9D6-6893-479F-A7AB-0A64B7431B8C} = {DD06618B-7BE2-4ECD-AEAB-48DC44E6BB7C}
		{7F9B5ED5-E0A9-4DE8-8D20-6B316D0655DA} = {DD06618B-7BE2-4ECD-AEAB-48DC44E6BB7C}
		{ED251B12-DBFE-4671-9B75-3F6B811BD29C} = {DD06618B-7BE2-4ECD-AEAB-48DC44E6BB7C}
		{F46305CF-831D-429D-B535-C79F336A630A} = {26EE5F84-25B1-4A0F-837C-5F3D3277A194}
		{CCBEF44F-10BC-446F-84DE-1F4A9D7C822A} = {26EE5F84-25B1-4A0F-837C-5F3D3277A194}
		{2EC3FA8D-D95F-48A7-92C5-F2D540F37CDE} = {26EE5F84-25B1-4A0F-837C-5F3D3277A194}
		{BAB81AD1-0707-44EC-85F0-E4A467E6EA72} = {26EE5F84-25B1-4A0F-837C-5F3D3277A194}
		{8BD1B2BD-81B7-4769-A9E2-094BA1D1D534} = {26EE5F84-25B1-4A0F-837C-5F3D3277A194}
		{FF158F61-D962-42B9-8AB1-04BCB7A34BB1} = {EED034FC-5024-4D82-BCD6-BFB6FCC606FA}
		{1222A94A-6333-4A2A-844A-D12B91E883DA} = {EED034FC-5024-4D82-BCD6-BFB6FCC606FA}
		{CF3A1A68-5048-4792-87BF-1BB8630852F0} = {EED034FC-5024-4D82-BCD6-BFB6FCC606FA}
		{611A9674-A150-4A09-8D16-F21BD1A08FE7} = {EED034FC-5024-4D82-BCD6-BFB6FCC606FA}
		{C3F1D5C8-16BE-4A83-B609-951BE21E062E} = {AC7CC510-50C4-4C4B-B123-9B2F343F30E6}
		{5A9D34E4-0D21-4529-ABA4-9C8B51946049} = {AC7CC510-50C4-4C4B-B123-9B2F343F30E6}
		{D2CF9942-EF7E-4611-81E8-48D42322B1DB} = {AC7CC510-50C4-4C4B-B123-9B2F343F30E6}
		{A6381436-B1E3-463C-BCD5-0F2DA1F5A5FD} = {AC7CC510-50C4-4C4B-B123-9B2F343F30E6}
		{268DD125-C783-4B8D-9482-CDC08C360577} = {5BBE34B1-960D-4DBF-8A4D-81D0EC2C00EC}
	EndGlobalSection
	GlobalSection(ExtensibilityGlobals) = postSolution
		SolutionGuid = {F226AD5E-BC24-4AC7-9363-B2F477E0A145}
	EndGlobalSection
EndGlobal
