
Microsoft Visual Studio Solution File, Format Version 12.00
# Visual Studio Version 17
VisualStudioVersion = 17.5.002.0
MinimumVisualStudioVersion = 10.0.40219.1
Project("{9A19103F-16F7-4668-BE54-9A1E7A4F7556}") = "Prep2", "Prep2.csproj", "{63190331-A99E-47BF-847D-24F9DAEF4E8C}"
EndProject
Global
	GlobalSection(SolutionConfigurationPlatforms) = preSolution
		Debug|Any CPU = Debug|Any CPU
		Release|Any CPU = Release|Any CPU
	EndGlobalSection
	GlobalSection(ProjectConfigurationPlatforms) = postSolution
		{63190331-A99E-47BF-847D-24F9DAEF4E8C}.Debug|Any CPU.ActiveCfg = Debug|Any CPU
		{63190331-A99E-47BF-847D-24F9DAEF4E8C}.Debug|Any CPU.Build.0 = Debug|Any CPU
		{63190331-A99E-47BF-847D-24F9DAEF4E8C}.Release|Any CPU.ActiveCfg = Release|Any CPU
		{63190331-A99E-47BF-847D-24F9DAEF4E8C}.Release|Any CPU.Build.0 = Release|Any CPU
	EndGlobalSection
	GlobalSection(SolutionProperties) = preSolution
		HideSolutionNode = FALSE
	EndGlobalSection
	GlobalSection(ExtensibilityGlobals) = postSolution
		SolutionGuid = {3E25FA84-784F-446E-BF94-8F16866C0E21}
	EndGlobalSection
EndGlobal
