
Microsoft Visual Studio Solution File, Format Version 12.00
# Visual Studio Version 17
VisualStudioVersion = 17.5.002.0
MinimumVisualStudioVersion = 10.0.40219.1
Project("{9A19103F-16F7-4668-BE54-9A1E7A4F7556}") = "Develop04", "Develop04.csproj", "{8BD61CDF-2435-4624-B149-A9106C27FD77}"
EndProject
Global
	GlobalSection(SolutionConfigurationPlatforms) = preSolution
		Debug|Any CPU = Debug|Any CPU
		Release|Any CPU = Release|Any CPU
	EndGlobalSection
	GlobalSection(ProjectConfigurationPlatforms) = postSolution
		{8BD61CDF-2435-4624-B149-A9106C27FD77}.Debug|Any CPU.ActiveCfg = Debug|Any CPU
		{8BD61CDF-2435-4624-B149-A9106C27FD77}.Debug|Any CPU.Build.0 = Debug|Any CPU
		{8BD61CDF-2435-4624-B149-A9106C27FD77}.Release|Any CPU.ActiveCfg = Release|Any CPU
		{8BD61CDF-2435-4624-B149-A9106C27FD77}.Release|Any CPU.Build.0 = Release|Any CPU
	EndGlobalSection
	GlobalSection(SolutionProperties) = preSolution
		HideSolutionNode = FALSE
	EndGlobalSection
	GlobalSection(ExtensibilityGlobals) = postSolution
		SolutionGuid = {EEC70E05-255E-4F51-A78B-538121FB75BA}
	EndGlobalSection
EndGlobal
